
Microsoft Visual Studio Solution File, Format Version 12.00
# Visual Studio Version 17
VisualStudioVersion = 17.6.33829.357
MinimumVisualStudioVersion = 10.0.40219.1
Project("{FAE04EC0-301F-11D3-BF4B-00C04F79EFBC}") = "MyRovers", "MyRovers\MyRovers.csproj", "{67A3C8E8-BD23-4FB7-B9AE-3CFF1B29AE01}"
EndProject
Global
	GlobalSection(SolutionConfigurationPlatforms) = preSolution
		Debug|Any CPU = Debug|Any CPU
		Release|Any CPU = Release|Any CPU
	EndGlobalSection
	GlobalSection(ProjectConfigurationPlatforms) = postSolution
		{67A3C8E8-BD23-4FB7-B9AE-3CFF1B29AE01}.Debug|Any CPU.ActiveCfg = Debug|Any CPU
		{67A3C8E8-BD23-4FB7-B9AE-3CFF1B29AE01}.Debug|Any CPU.Build.0 = Debug|Any CPU
		{67A3C8E8-BD23-4FB7-B9AE-3CFF1B29AE01}.Release|Any CPU.ActiveCfg = Release|Any CPU
		{67A3C8E8-BD23-4FB7-B9AE-3CFF1B29AE01}.Release|Any CPU.Build.0 = Release|Any CPU
	EndGlobalSection
	GlobalSection(SolutionProperties) = preSolution
		HideSolutionNode = FALSE
	EndGlobalSection
	GlobalSection(ExtensibilityGlobals) = postSolution
		SolutionGuid = {888470C1-CAAD-4518-A0F8-7069F86DBAB6}
	EndGlobalSection
EndGlobal
